{
  "version": 4,
  "terraform_version": "1.15.4",
  "serial": 8,
  "lineage": "33bd5f4f-fa65-d850-aac3-ed54bff5d4f7",
  "outputs": {},
  "resources": [
    {
      "mode": "managed",
      "type": "virtualbox_vm",
      "name": "db",
      "provider": "provider[\"registry.terraform.io/terra-farm/virtualbox\"]",
      "instances": [
        {
          "index_key": 0,
          "status": "tainted",
          "schema_version": 0,
          "attributes": {
            "boot_order": null,
            "checksum": null,
            "checksum_type": null,
            "cpus": 1,
            "id": "37d55fd9-84b7-40a6-9068-957d1b953f57",
            "image": "./virtualbox.box",
            "memory": "1.0 gib",
            "name": "db-vm",
            "network_adapter": [
              {
                "device": "IntelPro1000MTServer",
                "host_interface": "",
                "ipv4_address": "",
                "ipv4_address_available": "",
                "mac_address": "",
                "status": "",
                "type": "nat"
              },
              {
                "device": "IntelPro1000MTServer",
                "host_interface": "VirtualBox Host-Only Ethernet Adapter",
                "ipv4_address": "",
                "ipv4_address_available": "",
                "mac_address": "",
                "status": "",
                "type": "hostonly"
              }
            ],
            "optical_disks": null,
            "status": "running",
            "url": null,
            "user_data": "#cloud-config\r\nusers:\r\n  - name: ansible\r\n    groups: sudo\r\n    shell: /bin/bash\r\n    sudo: ALL=(ALL) NOPASSWD:ALL\r\n    ssh_authorized_keys:\r\n      - ssh-ed25519 AAAAC3NzaC1lZDI1NTE5AAAAIBBF+v5WQG7y/iA0umP346ts0YmriFbKG3FnkyW2r0B2 artem@LAPTOP-PLRK786C\r\nssh_pwauth: true"
          },
          "sensitive_attributes": [],
          "identity_schema_version": 0,
          "private": "bnVsbA=="
        }
      ]
    }
  ],
  "check_results": null
}
